// !$*UTF8*$!
{
	archiveVersion = 1;
	classes = {
	};
	objectVersion = 56;
	objects = {

/* Begin PBXBuildFile section */
		ECCA4BB4297C6331002000AF /* HelloWorldApp.swift in Sources */ = {isa = PBXBuildFile; fileRef = ECCA4BB3297C6331002000AF /* HelloWorldApp.swift */; };
		ECCA4BB6297C6331002000AF /* ContentView.swift in Sources */ = {isa = PBXBuildFile; fileRef = ECCA4BB5297C6331002000AF /* ContentView.swift */; };
		ECCA4BB8297C6332002000AF /* Assets.xcassets in Resources */ = {isa = PBXBuildFile; fileRef = ECCA4BB7297C6332002000AF /* Assets.xcassets */; };
		ECCA4BBB297C6332002000AF /* Preview Assets.xcassets in Resources */ = {isa = PBXBuildFile; fileRef = ECCA4BBA297C6332002000AF /* Preview Assets.xcassets */; };
		ECCA4BC5297C6332002000AF /* HelloWorldTests.swift in Sources */ = {isa = PBXBuildFile; fileRef = ECCA4BC4297C6332002000AF /* HelloWorldTests.swift */; };
		ECCA4BCF297C6332002000AF /* HelloWorldUITests.swift in Sources */ = {isa = PBXBuildFile; fileRef = ECCA4BCE297C6332002000AF /* HelloWorldUITests.swift */; };
		ECCA4BD1297C6332002000AF /* HelloWorldUITestsLaunchTests.swift in Sources */ = {isa = PBXBuildFile; fileRef = ECCA4BD0297C6332002000AF /* HelloWorldUITestsLaunchTests.swift */; };
		ECCA4BE4297D6CDA002000AF /* Counter.swift in Sources */ = {isa = PBXBuildFile; fileRef = ECCA4BE3297D6CDA002000AF /* Counter.swift */; };
		ECCA4BE5297D6CDA002000AF /* Counter.swift in Sources */ = {isa = PBXBuildFile; fileRef = ECCA4BE3297D6CDA002000AF /* Counter.swift */; };
		ECCA4BE6297D6CDA002000AF /* Counter.swift in Sources */ = {isa = PBXBuildFile; fileRef = ECCA4BE3297D6CDA002000AF /* Counter.swift */; };
		ECCA4BEC297D7B1A002000AF /* ListView.swift in Sources */ = {isa = PBXBuildFile; fileRef = ECCA4BEB297D7B1A002000AF /* ListView.swift */; };
		ECCA4BED297D7B1A002000AF /* ListView.swift in Sources */ = {isa = PBXBuildFile; fileRef = ECCA4BEB297D7B1A002000AF /* ListView.swift */; };
		ECCA4BEE297D7B1A002000AF /* ListView.swift in Sources */ = {isa = PBXBuildFile; fileRef = ECCA4BEB297D7B1A002000AF /* ListView.swift */; };
/* End PBXBuildFile section */

/* Begin PBXContainerItemProxy section */
		ECCA4BC1297C6332002000AF /* PBXContainerItemProxy */ = {
			isa = PBXContainerItemProxy;
			containerPortal = ECCA4BA8297C6331002000AF /* Project object */;
			proxyType = 1;
			remoteGlobalIDString = ECCA4BAF297C6331002000AF;
			remoteInfo = HelloWorld;
		};
		ECCA4BCB297C6332002000AF /* PBXContainerItemProxy */ = {
			isa = PBXContainerItemProxy;
			containerPortal = ECCA4BA8297C6331002000AF /* Project object */;
			proxyType = 1;
			remoteGlobalIDString = ECCA4BAF297C6331002000AF;
			remoteInfo = HelloWorld;
		};
/* End PBXContainerItemProxy section */

/* Begin PBXFileReference section */
		ECCA4BB0297C6331002000AF /* HelloWorld.app */ = {isa = PBXFileReference; explicitFileType = wrapper.application; includeInIndex = 0; path = HelloWorld.app; sourceTree = BUILT_PRODUCTS_DIR; };
		ECCA4BB3297C6331002000AF /* HelloWorldApp.swift */ = {isa = PBXFileReference; lastKnownFileType = sourcecode.swift; path = HelloWorldApp.swift; sourceTree = "<group>"; };
		ECCA4BB5297C6331002000AF /* ContentView.swift */ = {isa = PBXFileReference; lastKnownFileType = sourcecode.swift; path = ContentView.swift; sourceTree = "<group>"; };
		ECCA4BB7297C6332002000AF /* Assets.xcassets */ = {isa = PBXFileReference; lastKnownFileType = folder.assetcatalog; path = Assets.xcassets; sourceTree = "<group>"; };
		ECCA4BBA297C6332002000AF /* Preview Assets.xcassets */ = {isa = PBXFileReference; lastKnownFileType = folder.assetcatalog; path = "Preview Assets.xcassets"; sourceTree = "<group>"; };
		ECCA4BC0297C6332002000AF /* HelloWorldTests.xctest */ = {isa = PBXFileReference; explicitFileType = wrapper.cfbundle; includeInIndex = 0; path = HelloWorldTests.xctest; sourceTree = BUILT_PRODUCTS_DIR; };
		ECCA4BC4297C6332002000AF /* HelloWorldTests.swift */ = {isa = PBXFileReference; lastKnownFileType = sourcecode.swift; path = HelloWorldTests.swift; sourceTree = "<group>"; };
		ECCA4BCA297C6332002000AF /* HelloWorldUITests.xctest */ = {isa = PBXFileReference; explicitFileType = wrapper.cfbundle; includeInIndex = 0; path = HelloWorldUITests.xctest; sourceTree = BUILT_PRODUCTS_DIR; };
		ECCA4BCE297C6332002000AF /* HelloWorldUITests.swift */ = {isa = PBXFileReference; lastKnownFileType = sourcecode.swift; path = HelloWorldUITests.swift; sourceTree = "<group>"; };
		ECCA4BD0297C6332002000AF /* HelloWorldUITestsLaunchTests.swift */ = {isa = PBXFileReference; lastKnownFileType = sourcecode.swift; path = HelloWorldUITestsLaunchTests.swift; sourceTree = "<group>"; };
		ECCA4BE3297D6CDA002000AF /* Counter.swift */ = {isa = PBXFileReference; lastKnownFileType = sourcecode.swift; path = Counter.swift; sourceTree = "<group>"; };
		ECCA4BEB297D7B1A002000AF /* ListView.swift */ = {isa = PBXFileReference; lastKnownFileType = sourcecode.swift; path = ListView.swift; sourceTree = "<group>"; };
/* End PBXFileReference section */

/* Begin PBXFrameworksBuildPhase section */
		ECCA4BAD297C6331002000AF /* Frameworks */ = {
			isa = PBXFrameworksBuildPhase;
			buildActionMask = 2147483647;
			files = (
			);
			runOnlyForDeploymentPostprocessing = 0;
		};
		ECCA4BBD297C6332002000AF /* Frameworks */ = {
			isa = PBXFrameworksBuildPhase;
			buildActionMask = 2147483647;
			files = (
			);
			runOnlyForDeploymentPostprocessing = 0;
		};
		ECCA4BC7297C6332002000AF /* Frameworks */ = {
			isa = PBXFrameworksBuildPhase;
			buildActionMask = 2147483647;
			files = (
			);
			runOnlyForDeploymentPostprocessing = 0;
		};
/* End PBXFrameworksBuildPhase section */

/* Begin PBXGroup section */
		ECCA4BA7297C6331002000AF = {
			isa = PBXGroup;
			children = (
				ECCA4BB2297C6331002000AF /* HelloWorld */,
				ECCA4BC3297C6332002000AF /* HelloWorldTests */,
				ECCA4BCD297C6332002000AF /* HelloWorldUITests */,
				ECCA4BB1297C6331002000AF /* Products */,
			);
			sourceTree = "<group>";
		};
		ECCA4BB1297C6331002000AF /* Products */ = {
			isa = PBXGroup;
			children = (
				ECCA4BB0297C6331002000AF /* HelloWorld.app */,
				ECCA4BC0297C6332002000AF /* HelloWorldTests.xctest */,
				ECCA4BCA297C6332002000AF /* HelloWorldUITests.xctest */,
			);
			name = Products;
			sourceTree = "<group>";
		};
		ECCA4BB2297C6331002000AF /* HelloWorld */ = {
			isa = PBXGroup;
			children = (
				ECCA4BB3297C6331002000AF /* HelloWorldApp.swift */,
				ECCA4BB5297C6331002000AF /* ContentView.swift */,
				ECCA4BB7297C6332002000AF /* Assets.xcassets */,
				ECCA4BE3297D6CDA002000AF /* Counter.swift */,
				ECCA4BB9297C6332002000AF /* Preview Content */,
				ECCA4BEB297D7B1A002000AF /* ListView.swift */,
			);
			path = HelloWorld;
			sourceTree = "<group>";
		};
		ECCA4BB9297C6332002000AF /* Preview Content */ = {
			isa = PBXGroup;
			children = (
				ECCA4BBA297C6332002000AF /* Preview Assets.xcassets */,
			);
			path = "Preview Content";
			sourceTree = "<group>";
		};
		ECCA4BC3297C6332002000AF /* HelloWorldTests */ = {
			isa = PBXGroup;
			children = (
				ECCA4BC4297C6332002000AF /* HelloWorldTests.swift */,
			);
			path = HelloWorldTests;
			sourceTree = "<group>";
		};
		ECCA4BCD297C6332002000AF /* HelloWorldUITests */ = {
			isa = PBXGroup;
			children = (
				ECCA4BCE297C6332002000AF /* HelloWorldUITests.swift */,
				ECCA4BD0297C6332002000AF /* HelloWorldUITestsLaunchTests.swift */,
			);
			path = HelloWorldUITests;
			sourceTree = "<group>";
		};
/* End PBXGroup section */

/* Begin PBXNativeTarget section */
		ECCA4BAF297C6331002000AF /* HelloWorld */ = {
			isa = PBXNativeTarget;
			buildConfigurationList = ECCA4BD4297C6332002000AF /* Build configuration list for PBXNativeTarget "HelloWorld" */;
			buildPhases = (
				ECCA4BAC297C6331002000AF /* Sources */,
				ECCA4BAD297C6331002000AF /* Frameworks */,
				ECCA4BAE297C6331002000AF /* Resources */,
			);
			buildRules = (
			);
			dependencies = (
			);
			name = HelloWorld;
			productName = HelloWorld;
			productReference = ECCA4BB0297C6331002000AF /* HelloWorld.app */;
			productType = "com.apple.product-type.application";
		};
		ECCA4BBF297C6332002000AF /* HelloWorldTests */ = {
			isa = PBXNativeTarget;
			buildConfigurationList = ECCA4BD7297C6332002000AF /* Build configuration list for PBXNativeTarget "HelloWorldTests" */;
			buildPhases = (
				ECCA4BBC297C6332002000AF /* Sources */,
				ECCA4BBD297C6332002000AF /* Frameworks */,
				ECCA4BBE297C6332002000AF /* Resources */,
			);
			buildRules = (
			);
			dependencies = (
				ECCA4BC2297C6332002000AF /* PBXTargetDependency */,
			);
			name = HelloWorldTests;
			productName = HelloWorldTests;
			productReference = ECCA4BC0297C6332002000AF /* HelloWorldTests.xctest */;
			productType = "com.apple.product-type.bundle.unit-test";
		};
		ECCA4BC9297C6332002000AF /* HelloWorldUITests */ = {
			isa = PBXNativeTarget;
			buildConfigurationList = ECCA4BDA297C6332002000AF /* Build configuration list for PBXNativeTarget "HelloWorldUITests" */;
			buildPhases = (
				ECCA4BC6297C6332002000AF /* Sources */,
				ECCA4BC7297C6332002000AF /* Frameworks */,
				ECCA4BC8297C6332002000AF /* Resources */,
			);
			buildRules = (
			);
			dependencies = (
				ECCA4BCC297C6332002000AF /* PBXTargetDependency */,
			);
			name = HelloWorldUITests;
			productName = HelloWorldUITests;
			productReference = ECCA4BCA297C6332002000AF /* HelloWorldUITests.xctest */;
			productType = "com.apple.product-type.bundle.ui-testing";
		};
/* End PBXNativeTarget section */

/* Begin PBXProject section */
		ECCA4BA8297C6331002000AF /* Project object */ = {
			isa = PBXProject;
			attributes = {
				BuildIndependentTargetsInParallel = 1;
				LastSwiftUpdateCheck = 1420;
				LastUpgradeCheck = 1420;
				TargetAttributes = {
					ECCA4BAF297C6331002000AF = {
						CreatedOnToolsVersion = 14.2;
					};
					ECCA4BBF297C6332002000AF = {
						CreatedOnToolsVersion = 14.2;
						TestTargetID = ECCA4BAF297C6331002000AF;
					};
					ECCA4BC9297C6332002000AF = {
						CreatedOnToolsVersion = 14.2;
						TestTargetID = ECCA4BAF297C6331002000AF;
					};
				};
			};
			buildConfigurationList = ECCA4BAB297C6331002000AF /* Build configuration list for PBXProject "HelloWorld" */;
			compatibilityVersion = "Xcode 14.0";
			developmentRegion = en;
			hasScannedForEncodings = 0;
			knownRegions = (
				en,
				Base,
			);
			mainGroup = ECCA4BA7297C6331002000AF;
			productRefGroup = ECCA4BB1297C6331002000AF /* Products */;
			projectDirPath = "";
			projectRoot = "";
			targets = (
				ECCA4BAF297C6331002000AF /* HelloWorld */,
				ECCA4BBF297C6332002000AF /* HelloWorldTests */,
				ECCA4BC9297C6332002000AF /* HelloWorldUITests */,
			);
		};
/* End PBXProject section */

/* Begin PBXResourcesBuildPhase section */
		ECCA4BAE297C6331002000AF /* Resources */ = {
			isa = PBXResourcesBuildPhase;
			buildActionMask = 2147483647;
			files = (
				ECCA4BBB297C6332002000AF /* Preview Assets.xcassets in Resources */,
				ECCA4BB8297C6332002000AF /* Assets.xcassets in Resources */,
			);
			runOnlyForDeploymentPostprocessing = 0;
		};
		ECCA4BBE297C6332002000AF /* Resources */ = {
			isa = PBXResourcesBuildPhase;
			buildActionMask = 2147483647;
			files = (
			);
			runOnlyForDeploymentPostprocessing = 0;
		};
		ECCA4BC8297C6332002000AF /* Resources */ = {
			isa = PBXResourcesBuildPhase;
			buildActionMask = 2147483647;
			files = (
			);
			runOnlyForDeploymentPostprocessing = 0;
		};
/* End PBXResourcesBuildPhase section */

/* Begin PBXSourcesBuildPhase section */
		ECCA4BAC297C6331002000AF /* Sources */ = {
			isa = PBXSourcesBuildPhase;
			buildActionMask = 2147483647;
			files = (
				ECCA4BEC297D7B1A002000AF /* ListView.swift in Sources */,
				ECCA4BE4297D6CDA002000AF /* Counter.swift in Sources */,
				ECCA4BB6297C6331002000AF /* ContentView.swift in Sources */,
				ECCA4BB4297C6331002000AF /* HelloWorldApp.swift in Sources */,
			);
			runOnlyForDeploymentPostprocessing = 0;
		};
		ECCA4BBC297C6332002000AF /* Sources */ = {
			isa = PBXSourcesBuildPhase;
			buildActionMask = 2147483647;
			files = (
				ECCA4BE5297D6CDA002000AF /* Counter.swift in Sources */,
				ECCA4BC5297C6332002000AF /* HelloWorldTests.swift in Sources */,
				ECCA4BED297D7B1A002000AF /* ListView.swift in Sources */,
			);
			runOnlyForDeploymentPostprocessing = 0;
		};
		ECCA4BC6297C6332002000AF /* Sources */ = {
			isa = PBXSourcesBuildPhase;
			buildActionMask = 2147483647;
			files = (
				ECCA4BEE297D7B1A002000AF /* ListView.swift in Sources */,
				ECCA4BD1297C6332002000AF /* HelloWorldUITestsLaunchTests.swift in Sources */,
				ECCA4BCF297C6332002000AF /* HelloWorldUITests.swift in Sources */,
				ECCA4BE6297D6CDA002000AF /* Counter.swift in Sources */,
			);
			runOnlyForDeploymentPostprocessing = 0;
		};
/* End PBXSourcesBuildPhase section */

/* Begin PBXTargetDependency section */
		ECCA4BC2297C6332002000AF /* PBXTargetDependency */ = {
			isa = PBXTargetDependency;
			target = ECCA4BAF297C6331002000AF /* HelloWorld */;
			targetProxy = ECCA4BC1297C6332002000AF /* PBXContainerItemProxy */;
		};
		ECCA4BCC297C6332002000AF /* PBXTargetDependency */ = {
			isa = PBXTargetDependency;
			target = ECCA4BAF297C6331002000AF /* HelloWorld */;
			targetProxy = ECCA4BCB297C6332002000AF /* PBXContainerItemProxy */;
		};
/* End PBXTargetDependency section */

/* Begin XCBuildConfiguration section */
		ECCA4BD2297C6332002000AF /* Debug */ = {
			isa = XCBuildConfiguration;
			buildSettings = {
				ALWAYS_SEARCH_USER_PATHS = NO;
				CLANG_ANALYZER_NONNULL = YES;
				CLANG_ANALYZER_NUMBER_OBJECT_CONVERSION = YES_AGGRESSIVE;
				CLANG_CXX_LANGUAGE_STANDARD = "gnu++20";
				CLANG_ENABLE_MODULES = YES;
				CLANG_ENABLE_OBJC_ARC = YES;
				CLANG_ENABLE_OBJC_WEAK = YES;
				CLANG_WARN_BLOCK_CAPTURE_AUTORELEASING = YES;
				CLANG_WARN_BOOL_CONVERSION = YES;
				CLANG_WARN_COMMA = YES;
				CLANG_WARN_CONSTANT_CONVERSION = YES;
				CLANG_WARN_DEPRECATED_OBJC_IMPLEMENTATIONS = YES;
				CLANG_WARN_DIRECT_OBJC_ISA_USAGE = YES_ERROR;
				CLANG_WARN_DOCUMENTATION_COMMENTS = YES;
				CLANG_WARN_EMPTY_BODY = YES;
				CLANG_WARN_ENUM_CONVERSION = YES;
				CLANG_WARN_INFINITE_RECURSION = YES;
				CLANG_WARN_INT_CONVERSION = YES;
				CLANG_WARN_NON_LITERAL_NULL_CONVERSION = YES;
				CLANG_WARN_OBJC_IMPLICIT_RETAIN_SELF = YES;
				CLANG_WARN_OBJC_LITERAL_CONVERSION = YES;
				CLANG_WARN_OBJC_ROOT_CLASS = YES_ERROR;
				CLANG_WARN_QUOTED_INCLUDE_IN_FRAMEWORK_HEADER = YES;
				CLANG_WARN_RANGE_LOOP_ANALYSIS = YES;
				CLANG_WARN_STRICT_PROTOTYPES = YES;
				CLANG_WARN_SUSPICIOUS_MOVE = YES;
				CLANG_WARN_UNGUARDED_AVAILABILITY = YES_AGGRESSIVE;
				CLANG_WARN_UNREACHABLE_CODE = YES;
				CLANG_WARN__DUPLICATE_METHOD_MATCH = YES;
				COPY_PHASE_STRIP = NO;
				DEBUG_INFORMATION_FORMAT = dwarf;
				ENABLE_STRICT_OBJC_MSGSEND = YES;
				ENABLE_TESTABILITY = YES;
				GCC_C_LANGUAGE_STANDARD = gnu11;
				GCC_DYNAMIC_NO_PIC = NO;
				GCC_NO_COMMON_BLOCKS = YES;
				GCC_OPTIMIZATION_LEVEL = 0;
				GCC_PREPROCESSOR_DEFINITIONS = (
					"DEBUG=1",
					"$(inherited)",
				);
				GCC_WARN_64_TO_32_BIT_CONVERSION = YES;
				GCC_WARN_ABOUT_RETURN_TYPE = YES_ERROR;
				GCC_WARN_UNDECLARED_SELECTOR = YES;
				GCC_WARN_UNINITIALIZED_AUTOS = YES_AGGRESSIVE;
				GCC_WARN_UNUSED_FUNCTION = YES;
				GCC_WARN_UNUSED_VARIABLE = YES;
				IPHONEOS_DEPLOYMENT_TARGET = 16.2;
				MTL_ENABLE_DEBUG_INFO = INCLUDE_SOURCE;
				MTL_FAST_MATH = YES;
				ONLY_ACTIVE_ARCH = YES;
				SDKROOT = iphoneos;
				SWIFT_ACTIVE_COMPILATION_CONDITIONS = DEBUG;
				SWIFT_OPTIMIZATION_LEVEL = "-Onone";
			};
			name = Debug;
		};
		ECCA4BD3297C6332002000AF /* Release */ = {
			isa = XCBuildConfiguration;
			buildSettings = {
				ALWAYS_SEARCH_USER_PATHS = NO;
				CLANG_ANALYZER_NONNULL = YES;
				CLANG_ANALYZER_NUMBER_OBJECT_CONVERSION = YES_AGGRESSIVE;
				CLANG_CXX_LANGUAGE_STANDARD = "gnu++20";
				CLANG_ENABLE_MODULES = YES;
				CLANG_ENABLE_OBJC_ARC = YES;
				CLANG_ENABLE_OBJC_WEAK = YES;
				CLANG_WARN_BLOCK_CAPTURE_AUTORELEASING = YES;
				CLANG_WARN_BOOL_CONVERSION = YES;
				CLANG_WARN_COMMA = YES;
				CLANG_WARN_CONSTANT_CONVERSION = YES;
				CLANG_WARN_DEPRECATED_OBJC_IMPLEMENTATIONS = YES;
				CLANG_WARN_DIRECT_OBJC_ISA_USAGE = YES_ERROR;
				CLANG_WARN_DOCUMENTATION_COMMENTS = YES;
				CLANG_WARN_EMPTY_BODY = YES;
				CLANG_WARN_ENUM_CONVERSION = YES;
				CLANG_WARN_INFINITE_RECURSION = YES;
				CLANG_WARN_INT_CONVERSION = YES;
				CLANG_WARN_NON_LITERAL_NULL_CONVERSION = YES;
				CLANG_WARN_OBJC_IMPLICIT_RETAIN_SELF = YES;
				CLANG_WARN_OBJC_LITERAL_CONVERSION = YES;
				CLANG_WARN_OBJC_ROOT_CLASS = YES_ERROR;
				CLANG_WARN_QUOTED_INCLUDE_IN_FRAMEWORK_HEADER = YES;
				CLANG_WARN_RANGE_LOOP_ANALYSIS = YES;
				CLANG_WARN_STRICT_PROTOTYPES = YES;
				CLANG_WARN_SUSPICIOUS_MOVE = YES;
				CLANG_WARN_UNGUARDED_AVAILABILITY = YES_AGGRESSIVE;
				CLANG_WARN_UNREACHABLE_CODE = YES;
				CLANG_WARN__DUPLICATE_METHOD_MATCH = YES;
				COPY_PHASE_STRIP = NO;
				DEBUG_INFORMATION_FORMAT = "dwarf-with-dsym";
				ENABLE_NS_ASSERTIONS = NO;
				ENABLE_STRICT_OBJC_MSGSEND = YES;
				GCC_C_LANGUAGE_STANDARD = gnu11;
				GCC_NO_COMMON_BLOCKS = YES;
				GCC_WARN_64_TO_32_BIT_CONVERSION = YES;
				GCC_WARN_ABOUT_RETURN_TYPE = YES_ERROR;
				GCC_WARN_UNDECLARED_SELECTOR = YES;
				GCC_WARN_UNINITIALIZED_AUTOS = YES_AGGRESSIVE;
				GCC_WARN_UNUSED_FUNCTION = YES;
				GCC_WARN_UNUSED_VARIABLE = YES;
				IPHONEOS_DEPLOYMENT_TARGET = 16.2;
				MTL_ENABLE_DEBUG_INFO = NO;
				MTL_FAST_MATH = YES;
				SDKROOT = iphoneos;
				SWIFT_COMPILATION_MODE = wholemodule;
				SWIFT_OPTIMIZATION_LEVEL = "-O";
				VALIDATE_PRODUCT = YES;
			};
			name = Release;
		};
		ECCA4BD5297C6332002000AF /* Debug */ = {
			isa = XCBuildConfiguration;
			buildSettings = {
				ASSETCATALOG_COMPILER_APPICON_NAME = AppIcon;
				ASSETCATALOG_COMPILER_GLOBAL_ACCENT_COLOR_NAME = AccentColor;
				CODE_SIGN_STYLE = Automatic;
				CURRENT_PROJECT_VERSION = 1;
				DEVELOPMENT_ASSET_PATHS = "\"HelloWorld/Preview Content\"";
				DEVELOPMENT_TEAM = VHUZKCAW84;
				ENABLE_PREVIEWS = YES;
				GENERATE_INFOPLIST_FILE = YES;
				INFOPLIST_KEY_UIApplicationSceneManifest_Generation = YES;
				INFOPLIST_KEY_UIApplicationSupportsIndirectInputEvents = YES;
				INFOPLIST_KEY_UILaunchScreen_Generation = YES;
				INFOPLIST_KEY_UISupportedInterfaceOrientations_iPad = "UIInterfaceOrientationPortrait UIInterfaceOrientationPortraitUpsideDown UIInterfaceOrientationLandscapeLeft UIInterfaceOrientationLandscapeRight";
				INFOPLIST_KEY_UISupportedInterfaceOrientations_iPhone = "UIInterfaceOrientationPortrait UIInterfaceOrientationLandscapeLeft UIInterfaceOrientationLandscapeRight";
				LD_RUNPATH_SEARCH_PATHS = (
					"$(inherited)",
					"@executable_path/Frameworks",
				);
				MARKETING_VERSION = 1.0;
				PRODUCT_BUNDLE_IDENTIFIER = com.yogesh.helloworld.HelloWorld;
				PRODUCT_NAME = "$(TARGET_NAME)";
				SWIFT_EMIT_LOC_STRINGS = YES;
				SWIFT_VERSION = 5.0;
				TARGETED_DEVICE_FAMILY = "1,2";
			};
			name = Debug;
		};
		ECCA4BD6297C6332002000AF /* Release */ = {
			isa = XCBuildConfiguration;
			buildSettings = {
				ASSETCATALOG_COMPILER_APPICON_NAME = AppIcon;
				ASSETCATALOG_COMPILER_GLOBAL_ACCENT_COLOR_NAME = AccentColor;
				CODE_SIGN_STYLE = Automatic;
				CURRENT_PROJECT_VERSION = 1;
				DEVELOPMENT_ASSET_PATHS = "\"HelloWorld/Preview Content\"";
				DEVELOPMENT_TEAM = VHUZKCAW84;
				ENABLE_PREVIEWS = YES;
				GENERATE_INFOPLIST_FILE = YES;
				INFOPLIST_KEY_UIApplicationSceneManifest_Generation = YES;
				INFOPLIST_KEY_UIApplicationSupportsIndirectInputEvents = YES;
				INFOPLIST_KEY_UILaunchScreen_Generation = YES;
				INFOPLIST_KEY_UISupportedInterfaceOrientations_iPad = "UIInterfaceOrientationPortrait UIInterfaceOrientationPortraitUpsideDown UIInterfaceOrientationLandscapeLeft UIInterfaceOrientationLandscapeRight";
				INFOPLIST_KEY_UISupportedInterfaceOrientations_iPhone = "UIInterfaceOrientationPortrait UIInterfaceOrientationLandscapeLeft UIInterfaceOrientationLandscapeRight";
				LD_RUNPATH_SEARCH_PATHS = (
					"$(inherited)",
					"@executable_path/Frameworks",
				);
				MARKETING_VERSION = 1.0;
				PRODUCT_BUNDLE_IDENTIFIER = com.yogesh.helloworld.HelloWorld;
				PRODUCT_NAME = "$(TARGET_NAME)";
				SWIFT_EMIT_LOC_STRINGS = YES;
				SWIFT_VERSION = 5.0;
				TARGETED_DEVICE_FAMILY = "1,2";
			};
			name = Release;
		};
		ECCA4BD8297C6332002000AF /* Debug */ = {
			isa = XCBuildConfiguration;
			buildSettings = {
				ALWAYS_EMBED_SWIFT_STANDARD_LIBRARIES = YES;
				BUNDLE_LOADER = "$(TEST_HOST)";
				CODE_SIGN_STYLE = Automatic;
				CURRENT_PROJECT_VERSION = 1;
				DEVELOPMENT_TEAM = VHUZKCAW84;
				GENERATE_INFOPLIST_FILE = YES;
				IPHONEOS_DEPLOYMENT_TARGET = 16.2;
				MARKETING_VERSION = 1.0;
				PRODUCT_BUNDLE_IDENTIFIER = com.yogesh.helloworld.HelloWorldTests;
				PRODUCT_NAME = "$(TARGET_NAME)";
				SWIFT_EMIT_LOC_STRINGS = NO;
				SWIFT_VERSION = 5.0;
				TARGETED_DEVICE_FAMILY = "1,2";
				TEST_HOST = "$(BUILT_PRODUCTS_DIR)/HelloWorld.app/$(BUNDLE_EXECUTABLE_FOLDER_PATH)/HelloWorld";
			};
			name = Debug;
		};
		ECCA4BD9297C6332002000AF /* Release */ = {
			isa = XCBuildConfiguration;
			buildSettings = {
				ALWAYS_EMBED_SWIFT_STANDARD_LIBRARIES = YES;
				BUNDLE_LOADER = "$(TEST_HOST)";
				CODE_SIGN_STYLE = Automatic;
				CURRENT_PROJECT_VERSION = 1;
				DEVELOPMENT_TEAM = VHUZKCAW84;
				GENERATE_INFOPLIST_FILE = YES;
				IPHONEOS_DEPLOYMENT_TARGET = 16.2;
				MARKETING_VERSION = 1.0;
				PRODUCT_BUNDLE_IDENTIFIER = com.yogesh.helloworld.HelloWorldTests;
				PRODUCT_NAME = "$(TARGET_NAME)";
				SWIFT_EMIT_LOC_STRINGS = NO;
				SWIFT_VERSION = 5.0;
				TARGETED_DEVICE_FAMILY = "1,2";
				TEST_HOST = "$(BUILT_PRODUCTS_DIR)/HelloWorld.app/$(BUNDLE_EXECUTABLE_FOLDER_PATH)/HelloWorld";
			};
			name = Release;
		};
		ECCA4BDB297C6332002000AF /* Debug */ = {
			isa = XCBuildConfiguration;
			buildSettings = {
				ALWAYS_EMBED_SWIFT_STANDARD_LIBRARIES = YES;
				CODE_SIGN_STYLE = Automatic;
				CURRENT_PROJECT_VERSION = 1;
				DEVELOPMENT_TEAM = VHUZKCAW84;
				GENERATE_INFOPLIST_FILE = YES;
				MARKETING_VERSION = 1.0;
				PRODUCT_BUNDLE_IDENTIFIER = com.yogesh.helloworld.HelloWorldUITests;
				PRODUCT_NAME = "$(TARGET_NAME)";
				SWIFT_EMIT_LOC_STRINGS = NO;
				SWIFT_VERSION = 5.0;
				TARGETED_DEVICE_FAMILY = "1,2";
				TEST_TARGET_NAME = HelloWorld;
			};
			name = Debug;
		};
		ECCA4BDC297C6332002000AF /* Release */ = {
			isa = XCBuildConfiguration;
			buildSettings = {
				ALWAYS_EMBED_SWIFT_STANDARD_LIBRARIES = YES;
				CODE_SIGN_STYLE = Automatic;
				CURRENT_PROJECT_VERSION = 1;
				DEVELOPMENT_TEAM = VHUZKCAW84;
				GENERATE_INFOPLIST_FILE = YES;
				MARKETING_VERSION = 1.0;
				PRODUCT_BUNDLE_IDENTIFIER = com.yogesh.helloworld.HelloWorldUITests;
				PRODUCT_NAME = "$(TARGET_NAME)";
				SWIFT_EMIT_LOC_STRINGS = NO;
				SWIFT_VERSION = 5.0;
				TARGETED_DEVICE_FAMILY = "1,2";
				TEST_TARGET_NAME = HelloWorld;
			};
			name = Release;
		};
/* End XCBuildConfiguration section */

/* Begin XCConfigurationList section */
		ECCA4BAB297C6331002000AF /* Build configuration list for PBXProject "HelloWorld" */ = {
			isa = XCConfigurationList;
			buildConfigurations = (
				ECCA4BD2297C6332002000AF /* Debug */,
				ECCA4BD3297C6332002000AF /* Release */,
			);
			defaultConfigurationIsVisible = 0;
			defaultConfigurationName = Release;
		};
		ECCA4BD4297C6332002000AF /* Build configuration list for PBXNativeTarget "HelloWorld" */ = {
			isa = XCConfigurationList;
			buildConfigurations = (
				ECCA4BD5297C6332002000AF /* Debug */,
				ECCA4BD6297C6332002000AF /* Release */,
			);
			defaultConfigurationIsVisible = 0;
			defaultConfigurationName = Release;
		};
		ECCA4BD7297C6332002000AF /* Build configuration list for PBXNativeTarget "HelloWorldTests" */ = {
			isa = XCConfigurationList;
			buildConfigurations = (
				ECCA4BD8297C6332002000AF /* Debug */,
				ECCA4BD9297C6332002000AF /* Release */,
			);
			defaultConfigurationIsVisible = 0;
			defaultConfigurationName = Release;
		};
		ECCA4BDA297C6332002000AF /* Build configuration list for PBXNativeTarget "HelloWorldUITests" */ = {
			isa = XCConfigurationList;
			buildConfigurations = (
				ECCA4BDB297C6332002000AF /* Debug */,
				ECCA4BDC297C6332002000AF /* Release */,
			);
			defaultConfigurationIsVisible = 0;
			defaultConfigurationName = Release;
		};
/* End XCConfigurationList section */
	};
	rootObject = ECCA4BA8297C6331002000AF /* Project object */;
}
